
Microsoft Visual Studio Solution File, Format Version 12.00
# Visual Studio Version 16
VisualStudioVersion = 16.0.30907.101
MinimumVisualStudioVersion = 10.0.40219.1
Project("{FAE04EC0-301F-11D3-BF4B-00C04F79EFBC}") = "GameDemo", "GameDemo\GameDemo.csproj", "{5D25B46C-2400-4A3D-B98D-DF9EC60714F4}"
EndProject
Global
	GlobalSection(SolutionConfigurationPlatforms) = preSolution
		Debug|Any CPU = Debug|Any CPU
		Release|Any CPU = Release|Any CPU
	EndGlobalSection
	GlobalSection(ProjectConfigurationPlatforms) = postSolution
		{5D25B46C-2400-4A3D-B98D-DF9EC60714F4}.Debug|Any CPU.ActiveCfg = Debug|Any CPU
		{5D25B46C-2400-4A3D-B98D-DF9EC60714F4}.Debug|Any CPU.Build.0 = Debug|Any CPU
		{5D25B46C-2400-4A3D-B98D-DF9EC60714F4}.Release|Any CPU.ActiveCfg = Release|Any CPU
		{5D25B46C-2400-4A3D-B98D-DF9EC60714F4}.Release|Any CPU.Build.0 = Release|Any CPU
	EndGlobalSection
	GlobalSection(SolutionProperties) = preSolution
		HideSolutionNode = FALSE
	EndGlobalSection
	GlobalSection(ExtensibilityGlobals) = postSolution
		SolutionGuid = {44BFAB6C-A4DE-4AEC-94E8-1DF09B05E3A0}
	EndGlobalSection
EndGlobal
